// !$*UTF8*$!
{
	archiveVersion = 1;
	classes = {
	};
	objectVersion = 46;
	objects = {

/* Begin PBXBuildFile section */
		A9D51D0D1C747B950014F087 /* AppDelegate.swift in Sources */ = {isa = PBXBuildFile; fileRef = A9D51D0C1C747B950014F087 /* AppDelegate.swift */; };
		A9D51D0F1C747B950014F087 /* ViewController.swift in Sources */ = {isa = PBXBuildFile; fileRef = A9D51D0E1C747B950014F087 /* ViewController.swift */; };
		A9D51D121C747B950014F087 /* Main.storyboard in Resources */ = {isa = PBXBuildFile; fileRef = A9D51D101C747B950014F087 /* Main.storyboard */; };
		A9D51D141C747B950014F087 /* Assets.xcassets in Resources */ = {isa = PBXBuildFile; fileRef = A9D51D131C747B950014F087 /* Assets.xcassets */; };
		A9D51D171C747B950014F087 /* LaunchScreen.storyboard in Resources */ = {isa = PBXBuildFile; fileRef = A9D51D151C747B950014F087 /* LaunchScreen.storyboard */; };
		A9D51D211C7485700014F087 /* InputView.swift in Sources */ = {isa = PBXBuildFile; fileRef = A9D51D1F1C7485700014F087 /* InputView.swift */; };
		A9D51D221C7485700014F087 /* InputView.xib in Resources */ = {isa = PBXBuildFile; fileRef = A9D51D201C7485700014F087 /* InputView.xib */; };
		A9D51D251C748AA50014F087 /* Preview.swift in Sources */ = {isa = PBXBuildFile; fileRef = A9D51D231C748AA50014F087 /* Preview.swift */; };
		A9D51D261C748AA50014F087 /* Preview.xib in Resources */ = {isa = PBXBuildFile; fileRef = A9D51D241C748AA50014F087 /* Preview.xib */; };
		A9D51D291C748DD80014F087 /* Card.swift in Sources */ = {isa = PBXBuildFile; fileRef = A9D51D271C748DD80014F087 /* Card.swift */; };
		A9D51D2A1C748DD80014F087 /* Card.xib in Resources */ = {isa = PBXBuildFile; fileRef = A9D51D281C748DD80014F087 /* Card.xib */; };
		A9F039641C75847C00A36670 /* completed-embed.pdf in Resources */ = {isa = PBXBuildFile; fileRef = A9F039611C75847C00A36670 /* completed-embed.pdf */; };
		A9F039651C75847C00A36670 /* GhanaPromoFont.otf in Resources */ = {isa = PBXBuildFile; fileRef = A9F039621C75847C00A36670 /* GhanaPromoFont.otf */; };
		A9F039661C75847C00A36670 /* GhanaPromoFont.ttf in Resources */ = {isa = PBXBuildFile; fileRef = A9F039631C75847C00A36670 /* GhanaPromoFont.ttf */; };
		A9F0396A1C75A5C300A36670 /* DataHelper.swift in Sources */ = {isa = PBXBuildFile; fileRef = A9F039691C75A5C300A36670 /* DataHelper.swift */; };
		A9F0396C1C75B20000A36670 /* GvCommon.swift in Sources */ = {isa = PBXBuildFile; fileRef = A9F0396B1C75B20000A36670 /* GvCommon.swift */; };
/* End PBXBuildFile section */

/* Begin PBXFileReference section */
		A9D51D091C747B940014F087 /* LOTTE Print.app */ = {isa = PBXFileReference; explicitFileType = wrapper.application; includeInIndex = 0; path = "LOTTE Print.app"; sourceTree = BUILT_PRODUCTS_DIR; };
		A9D51D0C1C747B950014F087 /* AppDelegate.swift */ = {isa = PBXFileReference; lastKnownFileType = sourcecode.swift; path = AppDelegate.swift; sourceTree = "<group>"; };
		A9D51D0E1C747B950014F087 /* ViewController.swift */ = {isa = PBXFileReference; lastKnownFileType = sourcecode.swift; path = ViewController.swift; sourceTree = "<group>"; };
		A9D51D111C747B950014F087 /* Base */ = {isa = PBXFileReference; lastKnownFileType = file.storyboard; name = Base; path = Base.lproj/Main.storyboard; sourceTree = "<group>"; };
		A9D51D131C747B950014F087 /* Assets.xcassets */ = {isa = PBXFileReference; lastKnownFileType = folder.assetcatalog; path = Assets.xcassets; sourceTree = "<group>"; };
		A9D51D161C747B950014F087 /* Base */ = {isa = PBXFileReference; lastKnownFileType = file.storyboard; name = Base; path = Base.lproj/LaunchScreen.storyboard; sourceTree = "<group>"; };
		A9D51D181C747B950014F087 /* Info.plist */ = {isa = PBXFileReference; lastKnownFileType = text.plist.xml; path = Info.plist; sourceTree = "<group>"; };
		A9D51D1F1C7485700014F087 /* InputView.swift */ = {isa = PBXFileReference; fileEncoding = 4; lastKnownFileType = sourcecode.swift; path = InputView.swift; sourceTree = "<group>"; };
		A9D51D201C7485700014F087 /* InputView.xib */ = {isa = PBXFileReference; fileEncoding = 4; lastKnownFileType = file.xib; path = InputView.xib; sourceTree = "<group>"; };
		A9D51D231C748AA50014F087 /* Preview.swift */ = {isa = PBXFileReference; fileEncoding = 4; lastKnownFileType = sourcecode.swift; path = Preview.swift; sourceTree = "<group>"; };
		A9D51D241C748AA50014F087 /* Preview.xib */ = {isa = PBXFileReference; fileEncoding = 4; lastKnownFileType = file.xib; path = Preview.xib; sourceTree = "<group>"; };
		A9D51D271C748DD80014F087 /* Card.swift */ = {isa = PBXFileReference; fileEncoding = 4; lastKnownFileType = sourcecode.swift; path = Card.swift; sourceTree = "<group>"; };
		A9D51D281C748DD80014F087 /* Card.xib */ = {isa = PBXFileReference; fileEncoding = 4; lastKnownFileType = file.xib; path = Card.xib; sourceTree = "<group>"; };
		A9F039611C75847C00A36670 /* completed-embed.pdf */ = {isa = PBXFileReference; lastKnownFileType = image.pdf; path = "completed-embed.pdf"; sourceTree = "<group>"; };
		A9F039621C75847C00A36670 /* GhanaPromoFont.otf */ = {isa = PBXFileReference; lastKnownFileType = file; path = GhanaPromoFont.otf; sourceTree = "<group>"; };
		A9F039631C75847C00A36670 /* GhanaPromoFont.ttf */ = {isa = PBXFileReference; lastKnownFileType = file; path = GhanaPromoFont.ttf; sourceTree = "<group>"; };
		A9F039691C75A5C300A36670 /* DataHelper.swift */ = {isa = PBXFileReference; fileEncoding = 4; lastKnownFileType = sourcecode.swift; path = DataHelper.swift; sourceTree = "<group>"; };
		A9F0396B1C75B20000A36670 /* GvCommon.swift */ = {isa = PBXFileReference; fileEncoding = 4; lastKnownFileType = sourcecode.swift; path = GvCommon.swift; sourceTree = "<group>"; };
/* End PBXFileReference section */

/* Begin PBXFrameworksBuildPhase section */
		A9D51D061C747B940014F087 /* Frameworks */ = {
			isa = PBXFrameworksBuildPhase;
			buildActionMask = 2147483647;
			files = (
			);
			runOnlyForDeploymentPostprocessing = 0;
		};
/* End PBXFrameworksBuildPhase section */

/* Begin PBXGroup section */
		A9D51D001C747B940014F087 = {
			isa = PBXGroup;
			children = (
				A9D51D0B1C747B950014F087 /* LOTTE Print */,
				A9D51D0A1C747B940014F087 /* Products */,
			);
			sourceTree = "<group>";
		};
		A9D51D0A1C747B940014F087 /* Products */ = {
			isa = PBXGroup;
			children = (
				A9D51D091C747B940014F087 /* LOTTE Print.app */,
			);
			name = Products;
			sourceTree = "<group>";
		};
		A9D51D0B1C747B950014F087 /* LOTTE Print */ = {
			isa = PBXGroup;
			children = (
				A9F039601C75847C00A36670 /* font */,
				A9D51D1E1C7485250014F087 /* views */,
				A9D51D0C1C747B950014F087 /* AppDelegate.swift */,
				A9F0396B1C75B20000A36670 /* GvCommon.swift */,
				A9D51D0E1C747B950014F087 /* ViewController.swift */,
				A9F039691C75A5C300A36670 /* DataHelper.swift */,
				A9D51D101C747B950014F087 /* Main.storyboard */,
				A9D51D131C747B950014F087 /* Assets.xcassets */,
				A9D51D151C747B950014F087 /* LaunchScreen.storyboard */,
				A9D51D181C747B950014F087 /* Info.plist */,
			);
			path = "LOTTE Print";
			sourceTree = "<group>";
		};
		A9D51D1E1C7485250014F087 /* views */ = {
			isa = PBXGroup;
			children = (
				A9D51D1F1C7485700014F087 /* InputView.swift */,
				A9D51D201C7485700014F087 /* InputView.xib */,
				A9D51D231C748AA50014F087 /* Preview.swift */,
				A9D51D241C748AA50014F087 /* Preview.xib */,
				A9D51D271C748DD80014F087 /* Card.swift */,
				A9D51D281C748DD80014F087 /* Card.xib */,
			);
			path = views;
			sourceTree = "<group>";
		};
		A9F039601C75847C00A36670 /* font */ = {
			isa = PBXGroup;
			children = (
				A9F039611C75847C00A36670 /* completed-embed.pdf */,
				A9F039621C75847C00A36670 /* GhanaPromoFont.otf */,
				A9F039631C75847C00A36670 /* GhanaPromoFont.ttf */,
			);
			path = font;
			sourceTree = "<group>";
		};
/* End PBXGroup section */

/* Begin PBXNativeTarget section */
		A9D51D081C747B940014F087 /* LOTTE Print */ = {
			isa = PBXNativeTarget;
			buildConfigurationList = A9D51D1B1C747B950014F087 /* Build configuration list for PBXNativeTarget "LOTTE Print" */;
			buildPhases = (
				A9D51D051C747B940014F087 /* Sources */,
				A9D51D061C747B940014F087 /* Frameworks */,
				A9D51D071C747B940014F087 /* Resources */,
			);
			buildRules = (
			);
			dependencies = (
			);
			name = "LOTTE Print";
			productName = "LOTTE Print";
			productReference = A9D51D091C747B940014F087 /* LOTTE Print.app */;
			productType = "com.apple.product-type.application";
		};
/* End PBXNativeTarget section */

/* Begin PBXProject section */
		A9D51D011C747B940014F087 /* Project object */ = {
			isa = PBXProject;
			attributes = {
				LastSwiftUpdateCheck = 0720;
				LastUpgradeCheck = 0720;
				ORGANIZATIONNAME = "GUMI-QUANG";
				TargetAttributes = {
					A9D51D081C747B940014F087 = {
						CreatedOnToolsVersion = 7.2;
					};
				};
			};
			buildConfigurationList = A9D51D041C747B940014F087 /* Build configuration list for PBXProject "LOTTE Print" */;
			compatibilityVersion = "Xcode 3.2";
			developmentRegion = English;
			hasScannedForEncodings = 0;
			knownRegions = (
				en,
				Base,
			);
			mainGroup = A9D51D001C747B940014F087;
			productRefGroup = A9D51D0A1C747B940014F087 /* Products */;
			projectDirPath = "";
			projectRoot = "";
			targets = (
				A9D51D081C747B940014F087 /* LOTTE Print */,
			);
		};
/* End PBXProject section */

/* Begin PBXResourcesBuildPhase section */
		A9D51D071C747B940014F087 /* Resources */ = {
			isa = PBXResourcesBuildPhase;
			buildActionMask = 2147483647;
			files = (
				A9D51D171C747B950014F087 /* LaunchScreen.storyboard in Resources */,
				A9F039661C75847C00A36670 /* GhanaPromoFont.ttf in Resources */,
				A9F039641C75847C00A36670 /* completed-embed.pdf in Resources */,
				A9D51D2A1C748DD80014F087 /* Card.xib in Resources */,
				A9D51D221C7485700014F087 /* InputView.xib in Resources */,
				A9F039651C75847C00A36670 /* GhanaPromoFont.otf in Resources */,
				A9D51D141C747B950014F087 /* Assets.xcassets in Resources */,
				A9D51D261C748AA50014F087 /* Preview.xib in Resources */,
				A9D51D121C747B950014F087 /* Main.storyboard in Resources */,
			);
			runOnlyForDeploymentPostprocessing = 0;
		};
/* End PBXResourcesBuildPhase section */

/* Begin PBXSourcesBuildPhase section */
		A9D51D051C747B940014F087 /* Sources */ = {
			isa = PBXSourcesBuildPhase;
			buildActionMask = 2147483647;
			files = (
				A9D51D211C7485700014F087 /* InputView.swift in Sources */,
				A9D51D0F1C747B950014F087 /* ViewController.swift in Sources */,
				A9F0396A1C75A5C300A36670 /* DataHelper.swift in Sources */,
				A9F0396C1C75B20000A36670 /* GvCommon.swift in Sources */,
				A9D51D291C748DD80014F087 /* Card.swift in Sources */,
				A9D51D251C748AA50014F087 /* Preview.swift in Sources */,
				A9D51D0D1C747B950014F087 /* AppDelegate.swift in Sources */,
			);
			runOnlyForDeploymentPostprocessing = 0;
		};
/* End PBXSourcesBuildPhase section */

/* Begin PBXVariantGroup section */
		A9D51D101C747B950014F087 /* Main.storyboard */ = {
			isa = PBXVariantGroup;
			children = (
				A9D51D111C747B950014F087 /* Base */,
			);
			name = Main.storyboard;
			sourceTree = "<group>";
		};
		A9D51D151C747B950014F087 /* LaunchScreen.storyboard */ = {
			isa = PBXVariantGroup;
			children = (
				A9D51D161C747B950014F087 /* Base */,
			);
			name = LaunchScreen.storyboard;
			sourceTree = "<group>";
		};
/* End PBXVariantGroup section */

/* Begin XCBuildConfiguration section */
		A9D51D191C747B950014F087 /* Debug */ = {
			isa = XCBuildConfiguration;
			buildSettings = {
				ALWAYS_SEARCH_USER_PATHS = NO;
				CLANG_CXX_LANGUAGE_STANDARD = "gnu++0x";
				CLANG_CXX_LIBRARY = "libc++";
				CLANG_ENABLE_MODULES = YES;
				CLANG_ENABLE_OBJC_ARC = YES;
				CLANG_WARN_BOOL_CONVERSION = YES;
				CLANG_WARN_CONSTANT_CONVERSION = YES;
				CLANG_WARN_DIRECT_OBJC_ISA_USAGE = YES_ERROR;
				CLANG_WARN_EMPTY_BODY = YES;
				CLANG_WARN_ENUM_CONVERSION = YES;
				CLANG_WARN_INT_CONVERSION = YES;
				CLANG_WARN_OBJC_ROOT_CLASS = YES_ERROR;
				CLANG_WARN_UNREACHABLE_CODE = YES;
				CLANG_WARN__DUPLICATE_METHOD_MATCH = YES;
				"CODE_SIGN_IDENTITY[sdk=iphoneos*]" = "iPhone Developer";
				COPY_PHASE_STRIP = NO;
				DEBUG_INFORMATION_FORMAT = dwarf;
				ENABLE_STRICT_OBJC_MSGSEND = YES;
				ENABLE_TESTABILITY = YES;
				GCC_C_LANGUAGE_STANDARD = gnu99;
				GCC_DYNAMIC_NO_PIC = NO;
				GCC_NO_COMMON_BLOCKS = YES;
				GCC_OPTIMIZATION_LEVEL = 0;
				GCC_PREPROCESSOR_DEFINITIONS = (
					"DEBUG=1",
					"$(inherited)",
				);
				GCC_WARN_64_TO_32_BIT_CONVERSION = YES;
				GCC_WARN_ABOUT_RETURN_TYPE = YES_ERROR;
				GCC_WARN_UNDECLARED_SELECTOR = YES;
				GCC_WARN_UNINITIALIZED_AUTOS = YES_AGGRESSIVE;
				GCC_WARN_UNUSED_FUNCTION = YES;
				GCC_WARN_UNUSED_VARIABLE = YES;
				IPHONEOS_DEPLOYMENT_TARGET = 9.2;
				MTL_ENABLE_DEBUG_INFO = YES;
				ONLY_ACTIVE_ARCH = YES;
				SDKROOT = iphoneos;
				SWIFT_OPTIMIZATION_LEVEL = "-Onone";
				TARGETED_DEVICE_FAMILY = 2;
			};
			name = Debug;
		};
		A9D51D1A1C747B950014F087 /* Release */ = {
			isa = XCBuildConfiguration;
			buildSettings = {
				ALWAYS_SEARCH_USER_PATHS = NO;
				CLANG_CXX_LANGUAGE_STANDARD = "gnu++0x";
				CLANG_CXX_LIBRARY = "libc++";
				CLANG_ENABLE_MODULES = YES;
				CLANG_ENABLE_OBJC_ARC = YES;
				CLANG_WARN_BOOL_CONVERSION = YES;
				CLANG_WARN_CONSTANT_CONVERSION = YES;
				CLANG_WARN_DIRECT_OBJC_ISA_USAGE = YES_ERROR;
				CLANG_WARN_EMPTY_BODY = YES;
				CLANG_WARN_ENUM_CONVERSION = YES;
				CLANG_WARN_INT_CONVERSION = YES;
				CLANG_WARN_OBJC_ROOT_CLASS = YES_ERROR;
				CLANG_WARN_UNREACHABLE_CODE = YES;
				CLANG_WARN__DUPLICATE_METHOD_MATCH = YES;
				"CODE_SIGN_IDENTITY[sdk=iphoneos*]" = "iPhone Developer";
				COPY_PHASE_STRIP = NO;
				DEBUG_INFORMATION_FORMAT = "dwarf-with-dsym";
				ENABLE_NS_ASSERTIONS = NO;
				ENABLE_STRICT_OBJC_MSGSEND = YES;
				GCC_C_LANGUAGE_STANDARD = gnu99;
				GCC_NO_COMMON_BLOCKS = YES;
				GCC_WARN_64_TO_32_BIT_CONVERSION = YES;
				GCC_WARN_ABOUT_RETURN_TYPE = YES_ERROR;
				GCC_WARN_UNDECLARED_SELECTOR = YES;
				GCC_WARN_UNINITIALIZED_AUTOS = YES_AGGRESSIVE;
				GCC_WARN_UNUSED_FUNCTION = YES;
				GCC_WARN_UNUSED_VARIABLE = YES;
				IPHONEOS_DEPLOYMENT_TARGET = 9.2;
				MTL_ENABLE_DEBUG_INFO = NO;
				SDKROOT = iphoneos;
				TARGETED_DEVICE_FAMILY = 2;
				VALIDATE_PRODUCT = YES;
			};
			name = Release;
		};
		A9D51D1C1C747B950014F087 /* Debug */ = {
			isa = XCBuildConfiguration;
			buildSettings = {
				ASSETCATALOG_COMPILER_APPICON_NAME = AppIcon;
				INFOPLIST_FILE = "LOTTE Print/Info.plist";
				LD_RUNPATH_SEARCH_PATHS = "$(inherited) @executable_path/Frameworks";
				PRODUCT_BUNDLE_IDENTIFIER = "com.gumiviet.LOTTE-Print";
				PRODUCT_NAME = "$(TARGET_NAME)";
			};
			name = Debug;
		};
		A9D51D1D1C747B950014F087 /* Release */ = {
			isa = XCBuildConfiguration;
			buildSettings = {
				ASSETCATALOG_COMPILER_APPICON_NAME = AppIcon;
				INFOPLIST_FILE = "LOTTE Print/Info.plist";
				LD_RUNPATH_SEARCH_PATHS = "$(inherited) @executable_path/Frameworks";
				PRODUCT_BUNDLE_IDENTIFIER = "com.gumiviet.LOTTE-Print";
				PRODUCT_NAME = "$(TARGET_NAME)";
			};
			name = Release;
		};
/* End XCBuildConfiguration section */

/* Begin XCConfigurationList section */
		A9D51D041C747B940014F087 /* Build configuration list for PBXProject "LOTTE Print" */ = {
			isa = XCConfigurationList;
			buildConfigurations = (
				A9D51D191C747B950014F087 /* Debug */,
				A9D51D1A1C747B950014F087 /* Release */,
			);
			defaultConfigurationIsVisible = 0;
			defaultConfigurationName = Release;
		};
		A9D51D1B1C747B950014F087 /* Build configuration list for PBXNativeTarget "LOTTE Print" */ = {
			isa = XCConfigurationList;
			buildConfigurations = (
				A9D51D1C1C747B950014F087 /* Debug */,
				A9D51D1D1C747B950014F087 /* Release */,
			);
			defaultConfigurationIsVisible = 0;
			defaultConfigurationName = Release;
		};
/* End XCConfigurationList section */
	};
	rootObject = A9D51D011C747B940014F087 /* Project object */;
}
